
Microsoft Visual Studio Solution File, Format Version 12.00
# Visual Studio Version 17
VisualStudioVersion = 17.3.32825.248
MinimumVisualStudioVersion = 10.0.40219.1
Project("{FAE04EC0-301F-11D3-BF4B-00C04F79EFBC}") = "OrbusBase", "OrbusBase.csproj", "{69909BC1-ADCD-4F23-A0DA-07158BF3B763}"
EndProject
Global
	GlobalSection(SolutionConfigurationPlatforms) = preSolution
		Debug|Any CPU = Debug|Any CPU
		Release|Any CPU = Release|Any CPU
	EndGlobalSection
	GlobalSection(ProjectConfigurationPlatforms) = postSolution
		{69909BC1-ADCD-4F23-A0DA-07158BF3B763}.Debug|Any CPU.ActiveCfg = Debug|Any CPU
		{69909BC1-ADCD-4F23-A0DA-07158BF3B763}.Debug|Any CPU.Build.0 = Debug|Any CPU
		{69909BC1-ADCD-4F23-A0DA-07158BF3B763}.Release|Any CPU.ActiveCfg = Release|Any CPU
		{69909BC1-ADCD-4F23-A0DA-07158BF3B763}.Release|Any CPU.Build.0 = Release|Any CPU
	EndGlobalSection
	GlobalSection(SolutionProperties) = preSolution
		HideSolutionNode = FALSE
	EndGlobalSection
	GlobalSection(ExtensibilityGlobals) = postSolution
		SolutionGuid = {E7B818EA-F493-4C34-BEC1-47332C8F2727}
	EndGlobalSection
EndGlobal
